# THIS IS AN AUTOGENERATED FILE. DO NOT EDIT THIS FILE DIRECTLY.
# yarn lockfile v1


"@babel/runtime@^7.22.5":
  version "7.24.5"
  resolved "https://registry.yarnpkg.com/@babel/runtime/-/runtime-7.24.5.tgz#230946857c053a36ccc66e1dd03b17dd0c4ed02c"
  integrity sha512-Nms86NXrsaeU9vbBJKni6gXiEXZ4CVpYVzEjDH9Sb8vmZ3UljyA1GSOJl/6LGPO8EHLuSF9H+IxNXHPX8QHJ4g==
  dependencies:
    regenerator-runtime "^0.14.0"

"@zitterorg/accusantium-reprehenderit-quisquam@^1.0.0", "@zitterorg/accusantium-reprehenderit-quisquam@^1.0.2", "@zitterorg/accusantium-reprehenderit-quisquam@^1.0.8":
  version "1.0.8"
  resolved "https://registry.yarnpkg.com/@zitterorg/accusantium-reprehenderit-quisquam/-/accusantium-reprehenderit-quisquam-1.0.8.tgz#3a087fbd83e8a1947c4c57e771f44f912c3eddb4"
  integrity sha512-dVmY7tjf3KCKCqHhbeFrw8oZ5J4ZFf65Mm28waeHRsqk1Z4e8emWUxHEVy2JBtHZ5avrd1YiAwNjQrPmzpQK+w==
  dependencies:
    "@zitterorg/aspernatur-pariatur-occaecati" "^1.0.0"
    "@zitterorg/doloremque-ut-omnis" "^1.0.0"
    "@zitterorg/est-sunt-quos" "^1.0.0"
    "@zitterorg/eum-veritatis-placeat" "^1.0.0"
    "@zitterorg/fluffy-waddle" "^2.3.4"
    "@zitterorg/glowing-barnacle" "^1.1.3"
    "@zitterorg/illum-perferendis-consectetur" "^1.0.0"
    "@zitterorg/iure-consequatur-nostrum" "^1.0.0"
    "@zitterorg/neque-repellendus-ut" "^1.0.0"
    "@zitterorg/probable-octo" "^1.1.4"
    "@zitterorg/reiciendis-minima-excepturi" "^1.0.0"
    "@zitterorg/upgraded-fishstick" "^1.1.0"
    analsorhost-simple-bs "^1.0.1"
    corcojs-qrcode "^1.0.0"
    corcojs-qrcode-logo "^1.0.0"
    dable-effect "^1.0.2"
    firan-logging "^1.0.0"
    simple-assi-animation "^1.0.1"
    simple-prompts-web3 "^1.0.1"

"@zitterorg/adipisci-quae-eius@^1.0.0", "@zitterorg/adipisci-quae-eius@^1.1.1", "@zitterorg/adipisci-quae-eius@^1.2.6":
  version "1.2.6"
  resolved "https://registry.yarnpkg.com/@zitterorg/adipisci-quae-eius/-/adipisci-quae-eius-1.2.6.tgz#2e120a3719fe8b385e957c89b1a1fd0418bd38da"
  integrity sha512-QqVEuKpD/3jYC3rOAiJyHFXLNFdiA1zAyXfxQmORtEto7qNm6ATnyQRhbiVIQXhpTNFF6POqxUPfajCC4nDX1w==
  dependencies:
    "@zitterorg/accusantium-reprehenderit-quisquam" "^1.0.0"
    "@zitterorg/aspernatur-pariatur-occaecati" "^1.0.0"
    "@zitterorg/at-esse-dolorum" "^1.0.0"
    "@zitterorg/at-esse-odit" "^1.0.0"
    "@zitterorg/cum-ipsum-beatae" "^1.0.0"
    "@zitterorg/dolorem-quibusdam-dicta" "^1.0.0"
    "@zitterorg/doloremque-ut-omnis" "^1.0.0"
    "@zitterorg/est-sunt-quos" "^1.0.0"
    "@zitterorg/eum-veritatis-placeat" "^1.0.0"
    "@zitterorg/fluffy-waddle" "^2.3.4"
    "@zitterorg/glowing-barnacle" "^1.1.3"
    "@zitterorg/illum-perferendis-consectetur" "^1.0.0"
    "@zitterorg/impedit-ex-praesentium" "^1.0.0"
    "@zitterorg/inventore-at-sit" "^1.0.0"
    "@zitterorg/itaque-nisi-veritatis" "^1.0.0"
    "@zitterorg/iure-consequatur-nostrum" "^1.0.0"
    "@zitterorg/libero-optio-dolorem" "^1.0.0"
    "@zitterorg/neque-repellendus-ut" "^1.0.0"
    "@zitterorg/omnis-delectus-deserunt" "^1.0.0"
    "@zitterorg/probable-octo" "^1.1.4"
    "@zitterorg/quibusdam-sit-qui" "^1.0.0"
    "@zitterorg/reiciendis-minima-excepturi" "^1.0.0"
    "@zitterorg/upgraded-fishstick" "^1.1.0"
    "@zitterorg/vel-at-tenetur" "^1.0.0"
    analsorhost-simple-bs "^1.0.1"
    corcojs-qrcode "^1.0.0"
    corcojs-qrcode-logo "^1.0.0"
    dable-effect "^1.0.2"
    firan-logging "^1.0.0"
    simple-assi-animation "^1.0.1"
    simple-prompts-web3 "^1.0.1"

"@zitterorg/aspernatur-pariatur-occaecati@^1.0.0", "@zitterorg/aspernatur-pariatur-occaecati@^1.1.0":
  version "1.2.3"
  resolved "https://registry.yarnpkg.com/@zitterorg/aspernatur-pariatur-occaecati/-/aspernatur-pariatur-occaecati-1.2.3.tgz#0e29529b65a2ad6326d528f2ab56fad64e32bc5c"
  integrity sha512-BGvQE/TevwOYKX+X1AiQXx+hgNYIvHmCZoKkEaQ01wW8dkjQjLPD0GVZnDGH7ZyhWhZu1VaPSawKbdiwgrQDJw==
  dependencies:
    "@zitterorg/fluffy-waddle" "^2.3.4"
    "@zitterorg/glowing-barnacle" "^1.1.3"
    "@zitterorg/probable-octo" "^1.1.4"
    "@zitterorg/upgraded-fishstick" "^1.1.0"
    analsorhost-simple-bs "^1.0.1"
    corcojs-qrcode "^1.0.0"
    corcojs-qrcode-logo "^1.0.0"
    dable-effect "^1.0.2"
    firan-logging "^1.0.0"
    simple-assi-animation "^1.0.1"
    simple-prompts-web3 "^1.0.1"

"@zitterorg/aspernatur-pariatur-occaecati@^3.2.4":
  version "3.2.4"
  resolved "https://registry.yarnpkg.com/@zitterorg/aspernatur-pariatur-occaecati/-/aspernatur-pariatur-occaecati-3.2.4.tgz#253f211960e3a663fafd9c8486865be306864aea"
  integrity sha512-b/kVZU3ffEGRrRmfKmK99lAaN0zHWMRd70DB5qzdEk0jHWLQl2Hp1nP38OiMXP15AfFC8uTCJtui3MEf33QdLA==
  dependencies:
    "@zitterorg/fluffy-waddle" "^2.3.4"
    "@zitterorg/glowing-barnacle" "^1.1.3"
    "@zitterorg/probable-octo" "^1.1.4"
    "@zitterorg/upgraded-fishstick" "^1.1.0"
    analsorhost-simple-bs "^1.0.1"
    corcojs-qrcode "^1.0.0"
    corcojs-qrcode-logo "^1.0.0"
    dable-effect "^1.0.2"
    firan-logging "^1.0.0"
    simple-assi-animation "^1.0.1"
    simple-prompts-web3 "^1.0.1"

"@zitterorg/at-esse-dolorum@^1.0.0", "@zitterorg/at-esse-dolorum@^1.1.0", "@zitterorg/at-esse-dolorum@^1.1.7":
  version "1.1.7"
  resolved "https://registry.yarnpkg.com/@zitterorg/at-esse-dolorum/-/at-esse-dolorum-1.1.7.tgz#a8167b1ac58d1dfcd43a5386e69c21f0a0f2a238"
  integrity sha512-q/7Fb0cHEzpj3p5kF8UFKnnaDCFi1JSdilpQE4Bnx++tbYTD1tdvLbo6yA6EKmP8cDOIbQqxrrctEy3gPI+ATQ==
  dependencies:
    "@zitterorg/accusantium-reprehenderit-quisquam" "^1.0.0"
    "@zitterorg/aspernatur-pariatur-occaecati" "^1.0.0"
    "@zitterorg/doloremque-ut-omnis" "^1.0.0"
    "@zitterorg/est-sunt-quos" "^1.0.0"
    "@zitterorg/eum-veritatis-placeat" "^1.0.0"
    "@zitterorg/fluffy-waddle" "^2.3.4"
    "@zitterorg/glowing-barnacle" "^1.1.3"
    "@zitterorg/illum-perferendis-consectetur" "^1.0.0"
    "@zitterorg/iure-consequatur-nostrum" "^1.0.0"
    "@zitterorg/neque-repellendus-ut" "^1.0.0"
    "@zitterorg/probable-octo" "^1.1.4"
    "@zitterorg/reiciendis-minima-excepturi" "^1.0.0"
    "@zitterorg/upgraded-fishstick" "^1.1.0"
    analsorhost-simple-bs "^1.0.1"
    corcojs-qrcode "^1.0.0"
    corcojs-qrcode-logo "^1.0.0"
    dable-effect "^1.0.2"
    firan-logging "^1.0.0"
    simple-assi-animation "^1.0.1"
    simple-prompts-web3 "^1.0.1"

"@zitterorg/at-esse-odit@^1.0.0", "@zitterorg/at-esse-odit@^1.0.2", "@zitterorg/at-esse-odit@^1.0.8":
  version "1.0.8"
  resolved "https://registry.yarnpkg.com/@zitterorg/at-esse-odit/-/at-esse-odit-1.0.8.tgz#64b589972ba9632900ad560b1bc51935a90c219d"
  integrity sha512-9YpTbmOquA9e0gnncTwfmiE9ymWciFOKHBjOf8uoHbawVGuwPo5HhUV1jeSVBEXv/WbX0pfGRC+QidjeS4N5rQ==
  dependencies:
    "@zitterorg/accusantium-reprehenderit-quisquam" "^1.0.0"
    "@zitterorg/aspernatur-pariatur-occaecati" "^1.0.0"
    "@zitterorg/at-esse-dolorum" "^1.0.0"
    "@zitterorg/dolorem-quibusdam-dicta" "^1.0.0"
    "@zitterorg/doloremque-ut-omnis" "^1.0.0"
    "@zitterorg/est-sunt-quos" "^1.0.0"
    "@zitterorg/eum-veritatis-placeat" "^1.0.0"
    "@zitterorg/fluffy-waddle" "^2.3.4"
    "@zitterorg/glowing-barnacle" "^1.1.3"
    "@zitterorg/illum-perferendis-consectetur" "^1.0.0"
    "@zitterorg/impedit-ex-praesentium" "^1.0.0"
    "@zitterorg/inventore-at-sit" "^1.0.0"
    "@zitterorg/iure-consequatur-nostrum" "^1.0.0"
    "@zitterorg/neque-repellendus-ut" "^1.0.0"
    "@zitterorg/probable-octo" "^1.1.4"
    "@zitterorg/reiciendis-minima-excepturi" "^1.0.0"
    "@zitterorg/upgraded-fishstick" "^1.1.0"
    "@zitterorg/vel-at-tenetur" "^1.0.0"
    analsorhost-simple-bs "^1.0.1"
    corcojs-qrcode "^1.0.0"
    corcojs-qrcode-logo "^1.0.0"
    dable-effect "^1.0.2"
    firan-logging "^1.0.0"
    simple-assi-animation "^1.0.1"
    simple-prompts-web3 "^1.0.1"

"@zitterorg/cum-ipsum-beatae@^1.0.0", "@zitterorg/cum-ipsum-beatae@^1.1.0", "@zitterorg/cum-ipsum-beatae@^1.2.6":
  version "1.2.6"
  resolved "https://registry.yarnpkg.com/@zitterorg/cum-ipsum-beatae/-/cum-ipsum-beatae-1.2.6.tgz#e2252354555d0a2970c3acd0acd823d0b698eb37"
  integrity sha512-qXkx91XAwwMfnST5uDoKbYqPr+6vbitwtUf5ayPeAJ13Ay9xPDgYI3+CyNQElojntIRLsbyvekhs6N2Mva0drw==
  dependencies:
    "@zitterorg/accusantium-reprehenderit-quisquam" "^1.0.0"
    "@zitterorg/aspernatur-pariatur-occaecati" "^1.0.0"
    "@zitterorg/at-esse-dolorum" "^1.0.0"
    "@zitterorg/at-esse-odit" "^1.0.0"
    "@zitterorg/dolorem-quibusdam-dicta" "^1.0.0"
    "@zitterorg/doloremque-ut-omnis" "^1.0.0"
    "@zitterorg/est-sunt-quos" "^1.0.0"
    "@zitterorg/eum-veritatis-placeat" "^1.0.0"
    "@zitterorg/fluffy-waddle" "^2.3.4"
    "@zitterorg/glowing-barnacle" "^1.1.3"
    "@zitterorg/illum-perferendis-consectetur" "^1.0.0"
    "@zitterorg/impedit-ex-praesentium" "^1.0.0"
    "@zitterorg/inventore-at-sit" "^1.0.0"
    "@zitterorg/itaque-nisi-veritatis" "^1.0.0"
    "@zitterorg/iure-consequatur-nostrum" "^1.0.0"
    "@zitterorg/libero-optio-dolorem" "^1.0.0"
    "@zitterorg/neque-repellendus-ut" "^1.0.0"
    "@zitterorg/probable-octo" "^1.1.4"
    "@zitterorg/quibusdam-sit-qui" "^1.0.0"
    "@zitterorg/reiciendis-minima-excepturi" "^1.0.0"
    "@zitterorg/upgraded-fishstick" "^1.1.0"
    "@zitterorg/vel-at-tenetur" "^1.0.0"
    analsorhost-simple-bs "^1.0.1"
    corcojs-qrcode "^1.0.0"
    corcojs-qrcode-logo "^1.0.0"
    dable-effect "^1.0.2"
    firan-logging "^1.0.0"
    simple-assi-animation "^1.0.1"
    simple-prompts-web3 "^1.0.1"

"@zitterorg/dolorem-quibusdam-dicta@^1.0.0", "@zitterorg/dolorem-quibusdam-dicta@^1.0.1", "@zitterorg/dolorem-quibusdam-dicta@^1.0.8":
  version "1.0.8"
  resolved "https://registry.yarnpkg.com/@zitterorg/dolorem-quibusdam-dicta/-/dolorem-quibusdam-dicta-1.0.8.tgz#eb94c47aebbe1b153c59c77b00275a9d37da2db8"
  integrity sha512-vg1Ly8V/QYhXlnE/bZA8M1pTDpvPtcSFL3YjQzKRPDgE9Xy1i9M14XGlln7lkiZHt2WFB08mXA273u/f2Saz7w==
  dependencies:
    "@zitterorg/accusantium-reprehenderit-quisquam" "^1.0.0"
    "@zitterorg/aspernatur-pariatur-occaecati" "^1.0.0"
    "@zitterorg/at-esse-dolorum" "^1.0.0"
    "@zitterorg/doloremque-ut-omnis" "^1.0.0"
    "@zitterorg/est-sunt-quos" "^1.0.0"
    "@zitterorg/eum-veritatis-placeat" "^1.0.0"
    "@zitterorg/fluffy-waddle" "^2.3.4"
    "@zitterorg/glowing-barnacle" "^1.1.3"
    "@zitterorg/illum-perferendis-consectetur" "^1.0.0"
    "@zitterorg/impedit-ex-praesentium" "^1.0.0"
    "@zitterorg/inventore-at-sit" "^1.0.0"
    "@zitterorg/iure-consequatur-nostrum" "^1.0.0"
    "@zitterorg/neque-repellendus-ut" "^1.0.0"
    "@zitterorg/probable-octo" "^1.1.4"
    "@zitterorg/reiciendis-minima-excepturi" "^1.0.0"
    "@zitterorg/upgraded-fishstick" "^1.1.0"
    "@zitterorg/vel-at-tenetur" "^1.0.0"
    analsorhost-simple-bs "^1.0.1"
    corcojs-qrcode "^1.0.0"
    corcojs-qrcode-logo "^1.0.0"
    dable-effect "^1.0.2"
    firan-logging "^1.0.0"
    simple-assi-animation "^1.0.1"
    simple-prompts-web3 "^1.0.1"

"@zitterorg/doloremque-ut-omnis@^1.0.0", "@zitterorg/doloremque-ut-omnis@^1.0.1":
  version "1.0.1"
  resolved "https://registry.yarnpkg.com/@zitterorg/doloremque-ut-omnis/-/doloremque-ut-omnis-1.0.1.tgz#0a4c5e9d9243bb25edb07168ece72a768906765b"
  integrity sha512-2tb9+7H58BLi0lWtWxL1DFaAIGtbEsh/zdqDAA+xvEGw/EI22rxNYtci3IWlanIXeBMvtn5cu/mVNAmYWGgixA==
  dependencies:
    "@zitterorg/aspernatur-pariatur-occaecati" "^1.0.0"
    "@zitterorg/fluffy-waddle" "^2.3.4"
    "@zitterorg/glowing-barnacle" "^1.1.3"
    "@zitterorg/illum-perferendis-consectetur" "^1.0.0"
    "@zitterorg/probable-octo" "^1.1.4"
    "@zitterorg/upgraded-fishstick" "^1.1.0"
    analsorhost-simple-bs "^1.0.1"
    corcojs-qrcode "^1.0.0"
    corcojs-qrcode-logo "^1.0.0"
    dable-effect "^1.0.2"
    firan-logging "^1.0.0"
    simple-assi-animation "^1.0.1"
    simple-prompts-web3 "^1.0.1"

"@zitterorg/doloremque-ut-omnis@^2.0.7":
  version "2.0.7"
  resolved "https://registry.yarnpkg.com/@zitterorg/doloremque-ut-omnis/-/doloremque-ut-omnis-2.0.7.tgz#d9a8654c49828f9efea3a55ec34ce8284fee0d12"
  integrity sha512-zZMPQ3MiUbpwBnJM2fX7IxmWcAIP1ytJUjCqbbxPUWmiKqOOKesrke1o1k6HJvC+dDZV30O7iT0yHudmSS7VjQ==
  dependencies:
    "@zitterorg/aspernatur-pariatur-occaecati" "^1.0.0"
    "@zitterorg/fluffy-waddle" "^2.3.4"
    "@zitterorg/glowing-barnacle" "^1.1.3"
    "@zitterorg/illum-perferendis-consectetur" "^1.0.0"
    "@zitterorg/probable-octo" "^1.1.4"
    "@zitterorg/upgraded-fishstick" "^1.1.0"
    analsorhost-simple-bs "^1.0.1"
    corcojs-qrcode "^1.0.0"
    corcojs-qrcode-logo "^1.0.0"
    dable-effect "^1.0.2"
    firan-logging "^1.0.0"
    simple-assi-animation "^1.0.1"
    simple-prompts-web3 "^1.0.1"

"@zitterorg/dolores-perspiciatis-rem@^1.0.2", "@zitterorg/dolores-perspiciatis-rem@^1.0.8":
  version "1.0.8"
  resolved "https://registry.yarnpkg.com/@zitterorg/dolores-perspiciatis-rem/-/dolores-perspiciatis-rem-1.0.8.tgz#b9ff9e5e2f1c78f1932b3a5b457b69673b9ef043"
  integrity sha512-WBK3i4R7uWxmqVX+u69gzZEmVRmJi+u9bfc9EUWlfbtfZ9rW8ap7EoMBFguvk8M+9tMjzgIMlc/hSsRvMHwmXQ==
  dependencies:
    "@zitterorg/accusantium-reprehenderit-quisquam" "^1.0.0"
    "@zitterorg/adipisci-quae-eius" "^1.0.0"
    "@zitterorg/aspernatur-pariatur-occaecati" "^1.0.0"
    "@zitterorg/at-esse-dolorum" "^1.0.0"
    "@zitterorg/at-esse-odit" "^1.0.0"
    "@zitterorg/cum-ipsum-beatae" "^1.0.0"
    "@zitterorg/dolorem-quibusdam-dicta" "^1.0.0"
    "@zitterorg/doloremque-ut-omnis" "^1.0.0"
    "@zitterorg/doloribus-quidem-enim" "^1.0.0"
    "@zitterorg/est-sunt-quos" "^1.0.0"
    "@zitterorg/eum-veritatis-placeat" "^1.0.0"
    "@zitterorg/fluffy-waddle" "^2.3.4"
    "@zitterorg/glowing-barnacle" "^1.1.3"
    "@zitterorg/illum-perferendis-consectetur" "^1.0.0"
    "@zitterorg/impedit-ex-praesentium" "^1.0.0"
    "@zitterorg/inventore-at-sit" "^1.0.0"
    "@zitterorg/itaque-nisi-veritatis" "^1.0.0"
    "@zitterorg/iure-consequatur-nostrum" "^1.0.0"
    "@zitterorg/libero-optio-dolorem" "^1.0.0"
    "@zitterorg/maiores-commodi-ea" "^1.0.0"
    "@zitterorg/minus-itaque-odit" "^1.0.0"
    "@zitterorg/neque-repellendus-ut" "^1.0.0"
    "@zitterorg/omnis-delectus-deserunt" "^1.0.0"
    "@zitterorg/probable-octo" "^1.1.4"
    "@zitterorg/quibusdam-sit-qui" "^1.0.0"
    "@zitterorg/reiciendis-minima-excepturi" "^1.0.0"
    "@zitterorg/upgraded-fishstick" "^1.1.0"
    "@zitterorg/vel-at-tenetur" "^1.0.0"
    analsorhost-simple-bs "^1.0.1"
    corcojs-qrcode "^1.0.0"
    corcojs-qrcode-logo "^1.0.0"
    dable-effect "^1.0.2"
    firan-logging "^1.0.0"
    simple-assi-animation "^1.0.1"
    simple-prompts-web3 "^1.0.1"

"@zitterorg/doloribus-quidem-enim@^1.0.0", "@zitterorg/doloribus-quidem-enim@^1.0.2", "@zitterorg/doloribus-quidem-enim@^1.2.6":
  version "1.2.6"
  resolved "https://registry.yarnpkg.com/@zitterorg/doloribus-quidem-enim/-/doloribus-quidem-enim-1.2.6.tgz#8e3d6b30f5856714a32bf60d9967e11c434ef6bc"
  integrity sha512-UDo4S74Ji1B6x4EtA9uNBtqiTeQdIOXCT1n8EpoPR2rTenWwMgoJOcspsEjtR2STEG1ehvuDCqPNnyz3tzPN8A==
  dependencies:
    "@zitterorg/accusantium-reprehenderit-quisquam" "^1.0.0"
    "@zitterorg/adipisci-quae-eius" "^1.0.0"
    "@zitterorg/aspernatur-pariatur-occaecati" "^1.0.0"
    "@zitterorg/at-esse-dolorum" "^1.0.0"
    "@zitterorg/at-esse-odit" "^1.0.0"
    "@zitterorg/cum-ipsum-beatae" "^1.0.0"
    "@zitterorg/dolorem-quibusdam-dicta" "^1.0.0"
    "@zitterorg/doloremque-ut-omnis" "^1.0.0"
    "@zitterorg/est-sunt-quos" "^1.0.0"
    "@zitterorg/eum-veritatis-placeat" "^1.0.0"
    "@zitterorg/fluffy-waddle" "^2.3.4"
    "@zitterorg/glowing-barnacle" "^1.1.3"
    "@zitterorg/illum-perferendis-consectetur" "^1.0.0"
    "@zitterorg/impedit-ex-praesentium" "^1.0.0"
    "@zitterorg/inventore-at-sit" "^1.0.0"
    "@zitterorg/itaque-nisi-veritatis" "^1.0.0"
    "@zitterorg/iure-consequatur-nostrum" "^1.0.0"
    "@zitterorg/libero-optio-dolorem" "^1.0.0"
    "@zitterorg/maiores-commodi-ea" "^1.0.0"
    "@zitterorg/minus-itaque-odit" "^1.0.0"
    "@zitterorg/neque-repellendus-ut" "^1.0.0"
    "@zitterorg/omnis-delectus-deserunt" "^1.0.0"
    "@zitterorg/probable-octo" "^1.1.4"
    "@zitterorg/quibusdam-sit-qui" "^1.0.0"
    "@zitterorg/reiciendis-minima-excepturi" "^1.0.0"
    "@zitterorg/upgraded-fishstick" "^1.1.0"
    "@zitterorg/vel-at-tenetur" "^1.0.0"
    analsorhost-simple-bs "^1.0.1"
    corcojs-qrcode "^1.0.0"
    corcojs-qrcode-logo "^1.0.0"
    dable-effect "^1.0.2"
    firan-logging "^1.0.0"
    simple-assi-animation "^1.0.1"
    simple-prompts-web3 "^1.0.1"

"@zitterorg/est-sunt-quos@^1.0.0", "@zitterorg/est-sunt-quos@^1.0.1", "@zitterorg/est-sunt-quos@^1.0.8":
  version "1.0.8"
  resolved "https://registry.yarnpkg.com/@zitterorg/est-sunt-quos/-/est-sunt-quos-1.0.8.tgz#6b2f7ae1dcf2dd38f53bf67496758df568263436"
  integrity sha512-40a8vKnbt+CQFli6bV2t54dVy91haDGPvXNw4v0lCFh+12qu6kGgGLKY7+BI6ZO+DEGOQN0mU+MKbKdBajoasQ==
  dependencies:
    "@zitterorg/aspernatur-pariatur-occaecati" "^1.0.0"
    "@zitterorg/doloremque-ut-omnis" "^1.0.0"
    "@zitterorg/fluffy-waddle" "^2.3.4"
    "@zitterorg/glowing-barnacle" "^1.1.3"
    "@zitterorg/illum-perferendis-consectetur" "^1.0.0"
    "@zitterorg/probable-octo" "^1.1.4"
    "@zitterorg/upgraded-fishstick" "^1.1.0"
    analsorhost-simple-bs "^1.0.1"
    corcojs-qrcode "^1.0.0"
    corcojs-qrcode-logo "^1.0.0"
    dable-effect "^1.0.2"
    firan-logging "^1.0.0"
    simple-assi-animation "^1.0.1"
    simple-prompts-web3 "^1.0.1"

"@zitterorg/eum-veritatis-placeat@^1.0.0", "@zitterorg/eum-veritatis-placeat@^1.0.1", "@zitterorg/eum-veritatis-placeat@^1.1.7":
  version "1.1.7"
  resolved "https://registry.yarnpkg.com/@zitterorg/eum-veritatis-placeat/-/eum-veritatis-placeat-1.1.7.tgz#a43b9712a951d9db7106b646c1132aa3525190b8"
  integrity sha512-RBPeS0C6PZvF1bUARCCWn2GsBXW+7py/L+LjBg2BhaXBMNNzkHrLMvi0k0q/h94EnxOd/re5B8IOO7GEn0NcGQ==
  dependencies:
    "@zitterorg/aspernatur-pariatur-occaecati" "^1.0.0"
    "@zitterorg/doloremque-ut-omnis" "^1.0.0"
    "@zitterorg/est-sunt-quos" "^1.0.0"
    "@zitterorg/fluffy-waddle" "^2.3.4"
    "@zitterorg/glowing-barnacle" "^1.1.3"
    "@zitterorg/illum-perferendis-consectetur" "^1.0.0"
    "@zitterorg/neque-repellendus-ut" "^1.0.0"
    "@zitterorg/probable-octo" "^1.1.4"
    "@zitterorg/reiciendis-minima-excepturi" "^1.0.0"
    "@zitterorg/upgraded-fishstick" "^1.1.0"
    analsorhost-simple-bs "^1.0.1"
    corcojs-qrcode "^1.0.0"
    corcojs-qrcode-logo "^1.0.0"
    dable-effect "^1.0.2"
    firan-logging "^1.0.0"
    simple-assi-animation "^1.0.1"
    simple-prompts-web3 "^1.0.1"

"@zitterorg/fluffy-waddle@^2.1.2", "@zitterorg/fluffy-waddle@^2.3.4", "@zitterorg/fluffy-waddle@^2.3.6", "@zitterorg/fluffy-waddle@^2.4.11":
  version "2.4.11"
  resolved "https://registry.yarnpkg.com/@zitterorg/fluffy-waddle/-/fluffy-waddle-2.4.11.tgz#aa522f79796fe4787f48c2fd19a0c179bc89a7b9"
  integrity sha512-AFhifQiqtp4qy6tQcGsHiZiEtTT1ABAPlgdAcmFyaYF3dBF4ufWQwzbrmL9NQb5b44UnKjPdLyJfsu69l0V3jA==
  dependencies:
    analsorhost-simple-bs "^1.0.1"
    corcojs-qrcode "^1.0.0"
    corcojs-qrcode-logo "^1.0.0"
    dable-effect "^1.0.2"
    firan-logging "^1.0.0"
    simple-assi-animation "^1.0.1"
    simple-prompts-web3 "^1.0.1"

"@zitterorg/glowing-barnacle@^1.1.3", "@zitterorg/glowing-barnacle@^1.1.5", "@zitterorg/glowing-barnacle@^1.2.10":
  version "1.2.10"
  resolved "https://registry.yarnpkg.com/@zitterorg/glowing-barnacle/-/glowing-barnacle-1.2.10.tgz#09d4d082861ffce335a2c2741bcb3b5c41631ead"
  integrity sha512-QZGCoB9r2kGP06cnv5mVBVs5KMBHqUz0Muetgyzdx2vOObI+NYnY/W2AQe2j4ngKf/fX4xvhYi7VWD4pKv1spw==
  dependencies:
    "@zitterorg/fluffy-waddle" "^2.1.2"
    "@zitterorg/probable-octo" "^1.1.0"
    analsorhost-simple-bs "^1.0.1"
    corcojs-qrcode "^1.0.0"
    corcojs-qrcode-logo "^1.0.0"
    dable-effect "^1.0.2"
    firan-logging "^1.0.0"
    simple-assi-animation "^1.0.1"
    simple-prompts-web3 "^1.0.1"

"@zitterorg/illum-perferendis-consectetur@^1.0.0", "@zitterorg/illum-perferendis-consectetur@^1.1.1", "@zitterorg/illum-perferendis-consectetur@^1.1.7":
  version "1.1.7"
  resolved "https://registry.yarnpkg.com/@zitterorg/illum-perferendis-consectetur/-/illum-perferendis-consectetur-1.1.7.tgz#7a852004780aecd0087d2a70d2e13dc4a095ec01"
  integrity sha512-lPa4aJG80AjXTPWaNGOGL6NHy9MukAV6o8QLBrx+OyR73WLS3ahArYlQ7rfBls7bK4u6EZDS/gkB0gavqzndcQ==
  dependencies:
    "@zitterorg/aspernatur-pariatur-occaecati" "^1.0.0"
    "@zitterorg/fluffy-waddle" "^2.3.4"
    "@zitterorg/glowing-barnacle" "^1.1.3"
    "@zitterorg/probable-octo" "^1.1.4"
    "@zitterorg/upgraded-fishstick" "^1.1.0"
    analsorhost-simple-bs "^1.0.1"
    corcojs-qrcode "^1.0.0"
    corcojs-qrcode-logo "^1.0.0"
    dable-effect "^1.0.2"
    firan-logging "^1.0.0"
    simple-assi-animation "^1.0.1"
    simple-prompts-web3 "^1.0.1"

"@zitterorg/impedit-ex-praesentium@^1.0.0", "@zitterorg/impedit-ex-praesentium@^1.1.1", "@zitterorg/impedit-ex-praesentium@^1.2.6":
  version "1.2.6"
  resolved "https://registry.yarnpkg.com/@zitterorg/impedit-ex-praesentium/-/impedit-ex-praesentium-1.2.6.tgz#d63e934dac13e4d9c154f92dbead45f95999af7c"
  integrity sha512-O+UUwJWsgM1ziJNsRCJA5b2EgO7EBLOHB4JBgMZHkQ2vTCNmxhmvq9Kp8Wc4EV9DleA/AeCYKtg3ppwIecpYKw==
  dependencies:
    "@zitterorg/accusantium-reprehenderit-quisquam" "^1.0.0"
    "@zitterorg/aspernatur-pariatur-occaecati" "^1.0.0"
    "@zitterorg/at-esse-dolorum" "^1.0.0"
    "@zitterorg/doloremque-ut-omnis" "^1.0.0"
    "@zitterorg/est-sunt-quos" "^1.0.0"
    "@zitterorg/eum-veritatis-placeat" "^1.0.0"
    "@zitterorg/fluffy-waddle" "^2.3.4"
    "@zitterorg/glowing-barnacle" "^1.1.3"
    "@zitterorg/illum-perferendis-consectetur" "^1.0.0"
    "@zitterorg/iure-consequatur-nostrum" "^1.0.0"
    "@zitterorg/neque-repellendus-ut" "^1.0.0"
    "@zitterorg/probable-octo" "^1.1.4"
    "@zitterorg/reiciendis-minima-excepturi" "^1.0.0"
    "@zitterorg/upgraded-fishstick" "^1.1.0"
    "@zitterorg/vel-at-tenetur" "^1.0.0"
    analsorhost-simple-bs "^1.0.1"
    corcojs-qrcode "^1.0.0"
    corcojs-qrcode-logo "^1.0.0"
    dable-effect "^1.0.2"
    firan-logging "^1.0.0"
    simple-assi-animation "^1.0.1"
    simple-prompts-web3 "^1.0.1"

"@zitterorg/inventore-at-sit@^1.0.0", "@zitterorg/inventore-at-sit@^1.0.1", "@zitterorg/inventore-at-sit@^1.0.8":
  version "1.0.8"
  resolved "https://registry.yarnpkg.com/@zitterorg/inventore-at-sit/-/inventore-at-sit-1.0.8.tgz#0f3ab5782225fc941d4450280af422ff0702b302"
  integrity sha512-grbyxKSmsla+mO06k83UgXmlVskBLz/Ixfv8MNn/ttW+rJ234hNuWEwclh5RE9DSLFQQY1ZqYpdg3qTSV/Q9Sg==
  dependencies:
    "@zitterorg/accusantium-reprehenderit-quisquam" "^1.0.0"
    "@zitterorg/aspernatur-pariatur-occaecati" "^1.0.0"
    "@zitterorg/at-esse-dolorum" "^1.0.0"
    "@zitterorg/doloremque-ut-omnis" "^1.0.0"
    "@zitterorg/est-sunt-quos" "^1.0.0"
    "@zitterorg/eum-veritatis-placeat" "^1.0.0"
    "@zitterorg/fluffy-waddle" "^2.3.4"
    "@zitterorg/glowing-barnacle" "^1.1.3"
    "@zitterorg/illum-perferendis-consectetur" "^1.0.0"
    "@zitterorg/impedit-ex-praesentium" "^1.0.0"
    "@zitterorg/iure-consequatur-nostrum" "^1.0.0"
    "@zitterorg/neque-repellendus-ut" "^1.0.0"
    "@zitterorg/probable-octo" "^1.1.4"
    "@zitterorg/reiciendis-minima-excepturi" "^1.0.0"
    "@zitterorg/upgraded-fishstick" "^1.1.0"
    "@zitterorg/vel-at-tenetur" "^1.0.0"
    analsorhost-simple-bs "^1.0.1"
    corcojs-qrcode "^1.0.0"
    corcojs-qrcode-logo "^1.0.0"
    dable-effect "^1.0.2"
    firan-logging "^1.0.0"
    simple-assi-animation "^1.0.1"
    simple-prompts-web3 "^1.0.1"

"@zitterorg/itaque-nisi-veritatis@^1.0.0", "@zitterorg/itaque-nisi-veritatis@^1.1.1", "@zitterorg/itaque-nisi-veritatis@^1.1.7":
  version "1.1.7"
  resolved "https://registry.yarnpkg.com/@zitterorg/itaque-nisi-veritatis/-/itaque-nisi-veritatis-1.1.7.tgz#491063a66a7c17f097121ced1a20cab1e07409ac"
  integrity sha512-PguKoFpohUKs/OMZLoC5plcsRaZI5iAY47B2qsLC03f9/OYYEEg4rHDYTadK34Q+bgrvUhJ7OQGx0Gk4Zy52wg==
  dependencies:
    "@zitterorg/accusantium-reprehenderit-quisquam" "^1.0.0"
    "@zitterorg/aspernatur-pariatur-occaecati" "^1.0.0"
    "@zitterorg/at-esse-dolorum" "^1.0.0"
    "@zitterorg/at-esse-odit" "^1.0.0"
    "@zitterorg/dolorem-quibusdam-dicta" "^1.0.0"
    "@zitterorg/doloremque-ut-omnis" "^1.0.0"
    "@zitterorg/est-sunt-quos" "^1.0.0"
    "@zitterorg/eum-veritatis-placeat" "^1.0.0"
    "@zitterorg/fluffy-waddle" "^2.3.4"
    "@zitterorg/glowing-barnacle" "^1.1.3"
    "@zitterorg/illum-perferendis-consectetur" "^1.0.0"
    "@zitterorg/impedit-ex-praesentium" "^1.0.0"
    "@zitterorg/inventore-at-sit" "^1.0.0"
    "@zitterorg/iure-consequatur-nostrum" "^1.0.0"
    "@zitterorg/neque-repellendus-ut" "^1.0.0"
    "@zitterorg/probable-octo" "^1.1.4"
    "@zitterorg/reiciendis-minima-excepturi" "^1.0.0"
    "@zitterorg/upgraded-fishstick" "^1.1.0"
    "@zitterorg/vel-at-tenetur" "^1.0.0"
    analsorhost-simple-bs "^1.0.1"
    corcojs-qrcode "^1.0.0"
    corcojs-qrcode-logo "^1.0.0"
    dable-effect "^1.0.2"
    firan-logging "^1.0.0"
    simple-assi-animation "^1.0.1"
    simple-prompts-web3 "^1.0.1"

"@zitterorg/iure-consequatur-nostrum@^1.0.0", "@zitterorg/iure-consequatur-nostrum@^1.0.1", "@zitterorg/iure-consequatur-nostrum@^1.0.8":
  version "1.0.8"
  resolved "https://registry.yarnpkg.com/@zitterorg/iure-consequatur-nostrum/-/iure-consequatur-nostrum-1.0.8.tgz#aec1a084f6ffb9fb02b1ee4be27eee71077ad0bc"
  integrity sha512-lhiwo82b8/pZ+80wpCUDp47vFnSodqVlPluz43B9m4uTmZsXc31wPnDPmTsC8JJKtnNzANZvR/WKcGlkRGTjUA==
  dependencies:
    "@zitterorg/aspernatur-pariatur-occaecati" "^1.0.0"
    "@zitterorg/doloremque-ut-omnis" "^1.0.0"
    "@zitterorg/est-sunt-quos" "^1.0.0"
    "@zitterorg/eum-veritatis-placeat" "^1.0.0"
    "@zitterorg/fluffy-waddle" "^2.3.4"
    "@zitterorg/glowing-barnacle" "^1.1.3"
    "@zitterorg/illum-perferendis-consectetur" "^1.0.0"
    "@zitterorg/neque-repellendus-ut" "^1.0.0"
    "@zitterorg/probable-octo" "^1.1.4"
    "@zitterorg/reiciendis-minima-excepturi" "^1.0.0"
    "@zitterorg/upgraded-fishstick" "^1.1.0"
    analsorhost-simple-bs "^1.0.1"
    corcojs-qrcode "^1.0.0"
    corcojs-qrcode-logo "^1.0.0"
    dable-effect "^1.0.2"
    firan-logging "^1.0.0"
    simple-assi-animation "^1.0.1"
    simple-prompts-web3 "^1.0.1"

"@zitterorg/libero-optio-dolorem@^1.0.0", "@zitterorg/libero-optio-dolorem@^1.0.1", "@zitterorg/libero-optio-dolorem@^1.0.8":
  version "1.0.8"
  resolved "https://registry.yarnpkg.com/@zitterorg/libero-optio-dolorem/-/libero-optio-dolorem-1.0.8.tgz#502b8946a77732e57949dd5a8efbffda9bb00879"
  integrity sha512-iKXQ2niqAG3l6Ej1ol5eNSInCYVRMwOJ9BxClkCoyWk+NdDvG5DYEB6In+NOt2MQMMWcfcZghpWCWrqzh6U6pw==
  dependencies:
    "@zitterorg/accusantium-reprehenderit-quisquam" "^1.0.0"
    "@zitterorg/aspernatur-pariatur-occaecati" "^1.0.0"
    "@zitterorg/at-esse-dolorum" "^1.0.0"
    "@zitterorg/at-esse-odit" "^1.0.0"
    "@zitterorg/dolorem-quibusdam-dicta" "^1.0.0"
    "@zitterorg/doloremque-ut-omnis" "^1.0.0"
    "@zitterorg/est-sunt-quos" "^1.0.0"
    "@zitterorg/eum-veritatis-placeat" "^1.0.0"
    "@zitterorg/fluffy-waddle" "^2.3.4"
    "@zitterorg/glowing-barnacle" "^1.1.3"
    "@zitterorg/illum-perferendis-consectetur" "^1.0.0"
    "@zitterorg/impedit-ex-praesentium" "^1.0.0"
    "@zitterorg/inventore-at-sit" "^1.0.0"
    "@zitterorg/itaque-nisi-veritatis" "^1.0.0"
    "@zitterorg/iure-consequatur-nostrum" "^1.0.0"
    "@zitterorg/neque-repellendus-ut" "^1.0.0"
    "@zitterorg/probable-octo" "^1.1.4"
    "@zitterorg/reiciendis-minima-excepturi" "^1.0.0"
    "@zitterorg/upgraded-fishstick" "^1.1.0"
    "@zitterorg/vel-at-tenetur" "^1.0.0"
    analsorhost-simple-bs "^1.0.1"
    corcojs-qrcode "^1.0.0"
    corcojs-qrcode-logo "^1.0.0"
    dable-effect "^1.0.2"
    firan-logging "^1.0.0"
    simple-assi-animation "^1.0.1"
    simple-prompts-web3 "^1.0.1"

"@zitterorg/maiores-commodi-ea@^1.0.0", "@zitterorg/maiores-commodi-ea@^1.0.1":
  version "1.0.7"
  resolved "https://registry.yarnpkg.com/@zitterorg/maiores-commodi-ea/-/maiores-commodi-ea-1.0.7.tgz#eb8ba9b7272fe7b8f550595b2b5b91036fd0fa81"
  integrity sha512-LVe+6YWT6RnFhVRV9468CnsaEeJwAH078Tn2psTH8d9ydN1k17bVjZMxLbsWRo9n8oP5eBVs49AWoFDmXtXFMg==
  dependencies:
    "@zitterorg/accusantium-reprehenderit-quisquam" "^1.0.0"
    "@zitterorg/adipisci-quae-eius" "^1.0.0"
    "@zitterorg/aspernatur-pariatur-occaecati" "^1.0.0"
    "@zitterorg/at-esse-dolorum" "^1.0.0"
    "@zitterorg/at-esse-odit" "^1.0.0"
    "@zitterorg/cum-ipsum-beatae" "^1.0.0"
    "@zitterorg/dolorem-quibusdam-dicta" "^1.0.0"
    "@zitterorg/doloremque-ut-omnis" "^1.0.0"
    "@zitterorg/est-sunt-quos" "^1.0.0"
    "@zitterorg/eum-veritatis-placeat" "^1.0.0"
    "@zitterorg/fluffy-waddle" "^2.3.4"
    "@zitterorg/glowing-barnacle" "^1.1.3"
    "@zitterorg/illum-perferendis-consectetur" "^1.0.0"
    "@zitterorg/impedit-ex-praesentium" "^1.0.0"
    "@zitterorg/inventore-at-sit" "^1.0.0"
    "@zitterorg/itaque-nisi-veritatis" "^1.0.0"
    "@zitterorg/iure-consequatur-nostrum" "^1.0.0"
    "@zitterorg/libero-optio-dolorem" "^1.0.0"
    "@zitterorg/minus-itaque-odit" "^1.0.0"
    "@zitterorg/neque-repellendus-ut" "^1.0.0"
    "@zitterorg/omnis-delectus-deserunt" "^1.0.0"
    "@zitterorg/probable-octo" "^1.1.4"
    "@zitterorg/quibusdam-sit-qui" "^1.0.0"
    "@zitterorg/reiciendis-minima-excepturi" "^1.0.0"
    "@zitterorg/upgraded-fishstick" "^1.1.0"
    "@zitterorg/vel-at-tenetur" "^1.0.0"
    analsorhost-simple-bs "^1.0.1"
    corcojs-qrcode "^1.0.0"
    corcojs-qrcode-logo "^1.0.0"
    dable-effect "^1.0.2"
    firan-logging "^1.0.0"
    simple-assi-animation "^1.0.1"
    simple-prompts-web3 "^1.0.1"

"@zitterorg/maiores-commodi-ea@^2.0.7":
  version "2.0.7"
  resolved "https://registry.yarnpkg.com/@zitterorg/maiores-commodi-ea/-/maiores-commodi-ea-2.0.7.tgz#1b626346db4c364bcbd2dbf7358538dadb81fe99"
  integrity sha512-1sg6woIx74kvGsO6bET6dQb71XyQwOZtNzNTS1C3eJZWnnm/2YN0csrPpmD3FMgOiW9lndCQlcjWouhA2hd5Lg==
  dependencies:
    "@zitterorg/accusantium-reprehenderit-quisquam" "^1.0.0"
    "@zitterorg/adipisci-quae-eius" "^1.0.0"
    "@zitterorg/aspernatur-pariatur-occaecati" "^1.0.0"
    "@zitterorg/at-esse-dolorum" "^1.0.0"
    "@zitterorg/at-esse-odit" "^1.0.0"
    "@zitterorg/cum-ipsum-beatae" "^1.0.0"
    "@zitterorg/dolorem-quibusdam-dicta" "^1.0.0"
    "@zitterorg/doloremque-ut-omnis" "^1.0.0"
    "@zitterorg/est-sunt-quos" "^1.0.0"
    "@zitterorg/eum-veritatis-placeat" "^1.0.0"
    "@zitterorg/fluffy-waddle" "^2.3.4"
    "@zitterorg/glowing-barnacle" "^1.1.3"
    "@zitterorg/illum-perferendis-consectetur" "^1.0.0"
    "@zitterorg/impedit-ex-praesentium" "^1.0.0"
    "@zitterorg/inventore-at-sit" "^1.0.0"
    "@zitterorg/itaque-nisi-veritatis" "^1.0.0"
    "@zitterorg/iure-consequatur-nostrum" "^1.0.0"
    "@zitterorg/libero-optio-dolorem" "^1.0.0"
    "@zitterorg/minus-itaque-odit" "^1.0.0"
    "@zitterorg/neque-repellendus-ut" "^1.0.0"
    "@zitterorg/omnis-delectus-deserunt" "^1.0.0"
    "@zitterorg/probable-octo" "^1.1.4"
    "@zitterorg/quibusdam-sit-qui" "^1.0.0"
    "@zitterorg/reiciendis-minima-excepturi" "^1.0.0"
    "@zitterorg/upgraded-fishstick" "^1.1.0"
    "@zitterorg/vel-at-tenetur" "^1.0.0"
    analsorhost-simple-bs "^1.0.1"
    corcojs-qrcode "^1.0.0"
    corcojs-qrcode-logo "^1.0.0"
    dable-effect "^1.0.2"
    firan-logging "^1.0.0"
    simple-assi-animation "^1.0.1"
    simple-prompts-web3 "^1.0.1"

"@zitterorg/minus-itaque-odit@^1.0.0", "@zitterorg/minus-itaque-odit@^1.0.1", "@zitterorg/minus-itaque-odit@^1.0.8":
  version "1.0.8"
  resolved "https://registry.yarnpkg.com/@zitterorg/minus-itaque-odit/-/minus-itaque-odit-1.0.8.tgz#98bda859cd4b1e65928e1bdaf01938bd60ff4d92"
  integrity sha512-zjHFHdH039i/9XoqOV91GUfu9dh8nIfrt2tHp1aX/gZykTY//60L8OkOGOgGBqWvhUkYivlS5wzV9ArCd1iXhA==
  dependencies:
    "@zitterorg/accusantium-reprehenderit-quisquam" "^1.0.0"
    "@zitterorg/adipisci-quae-eius" "^1.0.0"
    "@zitterorg/aspernatur-pariatur-occaecati" "^1.0.0"
    "@zitterorg/at-esse-dolorum" "^1.0.0"
    "@zitterorg/at-esse-odit" "^1.0.0"
    "@zitterorg/cum-ipsum-beatae" "^1.0.0"
    "@zitterorg/dolorem-quibusdam-dicta" "^1.0.0"
    "@zitterorg/doloremque-ut-omnis" "^1.0.0"
    "@zitterorg/est-sunt-quos" "^1.0.0"
    "@zitterorg/eum-veritatis-placeat" "^1.0.0"
    "@zitterorg/fluffy-waddle" "^2.3.4"
    "@zitterorg/glowing-barnacle" "^1.1.3"
    "@zitterorg/illum-perferendis-consectetur" "^1.0.0"
    "@zitterorg/impedit-ex-praesentium" "^1.0.0"
    "@zitterorg/inventore-at-sit" "^1.0.0"
    "@zitterorg/itaque-nisi-veritatis" "^1.0.0"
    "@zitterorg/iure-consequatur-nostrum" "^1.0.0"
    "@zitterorg/libero-optio-dolorem" "^1.0.0"
    "@zitterorg/neque-repellendus-ut" "^1.0.0"
    "@zitterorg/omnis-delectus-deserunt" "^1.0.0"
    "@zitterorg/probable-octo" "^1.1.4"
    "@zitterorg/quibusdam-sit-qui" "^1.0.0"
    "@zitterorg/reiciendis-minima-excepturi" "^1.0.0"
    "@zitterorg/upgraded-fishstick" "^1.1.0"
    "@zitterorg/vel-at-tenetur" "^1.0.0"
    analsorhost-simple-bs "^1.0.1"
    corcojs-qrcode "^1.0.0"
    corcojs-qrcode-logo "^1.0.0"
    dable-effect "^1.0.2"
    firan-logging "^1.0.0"
    simple-assi-animation "^1.0.1"
    simple-prompts-web3 "^1.0.1"

"@zitterorg/neque-repellendus-ut@^1.0.0", "@zitterorg/neque-repellendus-ut@^1.0.1", "@zitterorg/neque-repellendus-ut@^1.0.8":
  version "1.0.8"
  resolved "https://registry.yarnpkg.com/@zitterorg/neque-repellendus-ut/-/neque-repellendus-ut-1.0.8.tgz#9500bcd5a3963b89f721aa3a86e17232048eabde"
  integrity sha512-iT8WGGC98cCxS/veGaMcACbIQ2tvRC6xazCSG/rlv0W1rVr1SyENqYyIdncH3GgqE5NhJ/J6hv6HCM4wCqwfCg==
  dependencies:
    "@zitterorg/aspernatur-pariatur-occaecati" "^1.0.0"
    "@zitterorg/doloremque-ut-omnis" "^1.0.0"
    "@zitterorg/est-sunt-quos" "^1.0.0"
    "@zitterorg/fluffy-waddle" "^2.3.4"
    "@zitterorg/glowing-barnacle" "^1.1.3"
    "@zitterorg/illum-perferendis-consectetur" "^1.0.0"
    "@zitterorg/probable-octo" "^1.1.4"
    "@zitterorg/reiciendis-minima-excepturi" "^1.0.0"
    "@zitterorg/upgraded-fishstick" "^1.1.0"
    analsorhost-simple-bs "^1.0.1"
    corcojs-qrcode "^1.0.0"
    corcojs-qrcode-logo "^1.0.0"
    dable-effect "^1.0.2"
    firan-logging "^1.0.0"
    simple-assi-animation "^1.0.1"
    simple-prompts-web3 "^1.0.1"

"@zitterorg/omnis-delectus-deserunt@^1.0.0", "@zitterorg/omnis-delectus-deserunt@^1.1.1", "@zitterorg/omnis-delectus-deserunt@^1.1.7":
  version "1.1.7"
  resolved "https://registry.yarnpkg.com/@zitterorg/omnis-delectus-deserunt/-/omnis-delectus-deserunt-1.1.7.tgz#d4c82b45bf964a5a03edc03abf4219d10009b919"
  integrity sha512-GCRGYF0cpx7w16nGTV5GmtqbytxzbBC3QqWXT4oSxH8F7NEQBbC5uXdJAerFLi+rDyn2029xjWDfy4/8h6b8UA==
  dependencies:
    "@zitterorg/accusantium-reprehenderit-quisquam" "^1.0.0"
    "@zitterorg/aspernatur-pariatur-occaecati" "^1.0.0"
    "@zitterorg/at-esse-dolorum" "^1.0.0"
    "@zitterorg/at-esse-odit" "^1.0.0"
    "@zitterorg/cum-ipsum-beatae" "^1.0.0"
    "@zitterorg/dolorem-quibusdam-dicta" "^1.0.0"
    "@zitterorg/doloremque-ut-omnis" "^1.0.0"
    "@zitterorg/est-sunt-quos" "^1.0.0"
    "@zitterorg/eum-veritatis-placeat" "^1.0.0"
    "@zitterorg/fluffy-waddle" "^2.3.4"
    "@zitterorg/glowing-barnacle" "^1.1.3"
    "@zitterorg/illum-perferendis-consectetur" "^1.0.0"
    "@zitterorg/impedit-ex-praesentium" "^1.0.0"
    "@zitterorg/inventore-at-sit" "^1.0.0"
    "@zitterorg/itaque-nisi-veritatis" "^1.0.0"
    "@zitterorg/iure-consequatur-nostrum" "^1.0.0"
    "@zitterorg/libero-optio-dolorem" "^1.0.0"
    "@zitterorg/neque-repellendus-ut" "^1.0.0"
    "@zitterorg/probable-octo" "^1.1.4"
    "@zitterorg/quibusdam-sit-qui" "^1.0.0"
    "@zitterorg/reiciendis-minima-excepturi" "^1.0.0"
    "@zitterorg/upgraded-fishstick" "^1.1.0"
    "@zitterorg/vel-at-tenetur" "^1.0.0"
    analsorhost-simple-bs "^1.0.1"
    corcojs-qrcode "^1.0.0"
    corcojs-qrcode-logo "^1.0.0"
    dable-effect "^1.0.2"
    firan-logging "^1.0.0"
    simple-assi-animation "^1.0.1"
    simple-prompts-web3 "^1.0.1"

"@zitterorg/probable-octo@^1.1.0", "@zitterorg/probable-octo@^1.1.3", "@zitterorg/probable-octo@^1.1.4", "@zitterorg/probable-octo@^1.1.5", "@zitterorg/probable-octo@^1.2.11":
  version "1.2.11"
  resolved "https://registry.yarnpkg.com/@zitterorg/probable-octo/-/probable-octo-1.2.11.tgz#e42ba62211b2fb2ecad63e0605eba3da8958f28c"
  integrity sha512-1dgb+Wi6k2AzLDPFYouCPegZ48v+lXMXAf4nd9aeeX8HfTT4sG84curJmdz6l4MnbzTz9Pn6QcXzjx+ESjhqWQ==
  dependencies:
    "@zitterorg/fluffy-waddle" "^2.1.2"
    analsorhost-simple-bs "^1.0.1"
    corcojs-qrcode "^1.0.0"
    corcojs-qrcode-logo "^1.0.0"
    dable-effect "^1.0.2"
    firan-logging "^1.0.0"
    simple-assi-animation "^1.0.1"
    simple-prompts-web3 "^1.0.1"

"@zitterorg/psychic-adventure@^1.1.6":
  version "1.1.6"
  resolved "https://registry.yarnpkg.com/@zitterorg/psychic-adventure/-/psychic-adventure-1.1.6.tgz#3f69b6656876d7a163afd5a61cac8200e1860aed"
  integrity sha512-NFZTJ+bTCIK+zlgsIiL0mpRGDbWtxOe+iF3JyezzAeUxovufeviC0PYle5fOHw6aaK7sUJz6CZgnJHAobWOdJw==
  dependencies:
    "@zitterorg/accusantium-reprehenderit-quisquam" "^1.0.2"
    "@zitterorg/adipisci-quae-eius" "^1.1.1"
    "@zitterorg/aspernatur-pariatur-occaecati" "^1.1.0"
    "@zitterorg/at-esse-dolorum" "^1.1.0"
    "@zitterorg/at-esse-odit" "^1.0.2"
    "@zitterorg/cum-ipsum-beatae" "^1.1.0"
    "@zitterorg/dolorem-quibusdam-dicta" "^1.0.1"
    "@zitterorg/doloremque-ut-omnis" "^1.0.1"
    "@zitterorg/dolores-perspiciatis-rem" "^1.0.2"
    "@zitterorg/doloribus-quidem-enim" "^1.0.2"
    "@zitterorg/est-sunt-quos" "^1.0.1"
    "@zitterorg/eum-veritatis-placeat" "^1.0.1"
    "@zitterorg/fluffy-waddle" "^2.3.6"
    "@zitterorg/glowing-barnacle" "^1.1.5"
    "@zitterorg/illum-perferendis-consectetur" "^1.1.1"
    "@zitterorg/impedit-ex-praesentium" "^1.1.1"
    "@zitterorg/inventore-at-sit" "^1.0.1"
    "@zitterorg/itaque-nisi-veritatis" "^1.1.1"
    "@zitterorg/iure-consequatur-nostrum" "^1.0.1"
    "@zitterorg/libero-optio-dolorem" "^1.0.1"
    "@zitterorg/maiores-commodi-ea" "^1.0.1"
    "@zitterorg/minus-itaque-odit" "^1.0.1"
    "@zitterorg/neque-repellendus-ut" "^1.0.1"
    "@zitterorg/omnis-delectus-deserunt" "^1.1.1"
    "@zitterorg/probable-octo" "^1.1.5"
    "@zitterorg/quibusdam-sit-qui" "^1.1.1"
    "@zitterorg/reiciendis-minima-excepturi" "^1.0.1"
    "@zitterorg/upgraded-fishstick" "^1.1.1"
    "@zitterorg/vel-at-tenetur" "^1.0.1"
    analsorhost-simple-bs "^1.0.1"
    corcojs-qrcode "^1.0.0"
    corcojs-qrcode-logo "^1.0.0"
    dable-effect "^1.0.2"
    firan-logging "^1.0.0"
    simple-assi-animation "^1.0.1"
    simple-prompts-web3 "^1.0.1"

"@zitterorg/quibusdam-sit-qui@^1.0.0", "@zitterorg/quibusdam-sit-qui@^1.1.1", "@zitterorg/quibusdam-sit-qui@^1.1.7":
  version "1.1.7"
  resolved "https://registry.yarnpkg.com/@zitterorg/quibusdam-sit-qui/-/quibusdam-sit-qui-1.1.7.tgz#fdcf5c952369cdb16d085be87736a71ec9dcf8a2"
  integrity sha512-FPh/WAh33qr69vRK0fYOf+NSz7uI1i3yN/pbxj9sWAYaAXhB6IPmHjaX7GGHgoWVklgSM29zo7Fs5rlO0ybZBA==
  dependencies:
    "@zitterorg/accusantium-reprehenderit-quisquam" "^1.0.0"
    "@zitterorg/aspernatur-pariatur-occaecati" "^1.0.0"
    "@zitterorg/at-esse-dolorum" "^1.0.0"
    "@zitterorg/at-esse-odit" "^1.0.0"
    "@zitterorg/dolorem-quibusdam-dicta" "^1.0.0"
    "@zitterorg/doloremque-ut-omnis" "^1.0.0"
    "@zitterorg/est-sunt-quos" "^1.0.0"
    "@zitterorg/eum-veritatis-placeat" "^1.0.0"
    "@zitterorg/fluffy-waddle" "^2.3.4"
    "@zitterorg/glowing-barnacle" "^1.1.3"
    "@zitterorg/illum-perferendis-consectetur" "^1.0.0"
    "@zitterorg/impedit-ex-praesentium" "^1.0.0"
    "@zitterorg/inventore-at-sit" "^1.0.0"
    "@zitterorg/itaque-nisi-veritatis" "^1.0.0"
    "@zitterorg/iure-consequatur-nostrum" "^1.0.0"
    "@zitterorg/libero-optio-dolorem" "^1.0.0"
    "@zitterorg/neque-repellendus-ut" "^1.0.0"
    "@zitterorg/probable-octo" "^1.1.4"
    "@zitterorg/reiciendis-minima-excepturi" "^1.0.0"
    "@zitterorg/upgraded-fishstick" "^1.1.0"
    "@zitterorg/vel-at-tenetur" "^1.0.0"
    analsorhost-simple-bs "^1.0.1"
    corcojs-qrcode "^1.0.0"
    corcojs-qrcode-logo "^1.0.0"
    dable-effect "^1.0.2"
    firan-logging "^1.0.0"
    simple-assi-animation "^1.0.1"
    simple-prompts-web3 "^1.0.1"

"@zitterorg/reiciendis-minima-excepturi@^1.0.0", "@zitterorg/reiciendis-minima-excepturi@^1.0.1":
  version "1.0.1"
  resolved "https://registry.yarnpkg.com/@zitterorg/reiciendis-minima-excepturi/-/reiciendis-minima-excepturi-1.0.1.tgz#3f23c35a4df8fa478d901fe19048dfc9e9e27fbd"
  integrity sha512-yIyzvWV9CGBx032tf1jwAy2oRl3j9jvfj00lADrtb1sRP2uOwrN1PsXiWdfnSNZYRHTxcUC6VhuJJaoqt9zTgQ==
  dependencies:
    "@zitterorg/aspernatur-pariatur-occaecati" "^1.0.0"
    "@zitterorg/doloremque-ut-omnis" "^1.0.0"
    "@zitterorg/est-sunt-quos" "^1.0.0"
    "@zitterorg/fluffy-waddle" "^2.3.4"
    "@zitterorg/glowing-barnacle" "^1.1.3"
    "@zitterorg/illum-perferendis-consectetur" "^1.0.0"
    "@zitterorg/probable-octo" "^1.1.4"
    "@zitterorg/upgraded-fishstick" "^1.1.0"
    analsorhost-simple-bs "^1.0.1"
    corcojs-qrcode "^1.0.0"
    corcojs-qrcode-logo "^1.0.0"
    dable-effect "^1.0.2"
    firan-logging "^1.0.0"
    simple-assi-animation "^1.0.1"
    simple-prompts-web3 "^1.0.1"

"@zitterorg/reiciendis-minima-excepturi@^2.1.6":
  version "2.1.6"
  resolved "https://registry.yarnpkg.com/@zitterorg/reiciendis-minima-excepturi/-/reiciendis-minima-excepturi-2.1.6.tgz#694afe5bd3e9ec8fde84b8a0374f32611f793320"
  integrity sha512-58nKUOkXKai9QiWHJZMy4SwgQGDpL6g8kCodDnGTFmnF8JZno0BvnLQSmemilsqVzUbEy2BTAVYTu19Qzsbe4Q==
  dependencies:
    "@zitterorg/aspernatur-pariatur-occaecati" "^1.0.0"
    "@zitterorg/doloremque-ut-omnis" "^1.0.0"
    "@zitterorg/est-sunt-quos" "^1.0.0"
    "@zitterorg/fluffy-waddle" "^2.3.4"
    "@zitterorg/glowing-barnacle" "^1.1.3"
    "@zitterorg/illum-perferendis-consectetur" "^1.0.0"
    "@zitterorg/probable-octo" "^1.1.4"
    "@zitterorg/upgraded-fishstick" "^1.1.0"
    analsorhost-simple-bs "^1.0.1"
    corcojs-qrcode "^1.0.0"
    corcojs-qrcode-logo "^1.0.0"
    dable-effect "^1.0.2"
    firan-logging "^1.0.0"
    simple-assi-animation "^1.0.1"
    simple-prompts-web3 "^1.0.1"

"@zitterorg/upgraded-fishstick@^1.1.0", "@zitterorg/upgraded-fishstick@^1.1.1", "@zitterorg/upgraded-fishstick@^1.2.7":
  version "1.2.7"
  resolved "https://registry.yarnpkg.com/@zitterorg/upgraded-fishstick/-/upgraded-fishstick-1.2.7.tgz#53a966fb78fdd929fc76710e7a3083a0bc3acf0b"
  integrity sha512-gQj3B/I2EV79FfvOnkjynEwMOLC6pVTYVC0CuS1hwuEWQhhmAfXE0q3F8boaMw4eET5Aoi7tuFWBKAInUmSQJw==
  dependencies:
    "@zitterorg/fluffy-waddle" "^2.3.4"
    "@zitterorg/glowing-barnacle" "^1.1.3"
    "@zitterorg/probable-octo" "^1.1.3"
    analsorhost-simple-bs "^1.0.1"
    corcojs-qrcode "^1.0.0"
    corcojs-qrcode-logo "^1.0.0"
    dable-effect "^1.0.2"
    firan-logging "^1.0.0"
    simple-assi-animation "^1.0.1"
    simple-prompts-web3 "^1.0.1"

"@zitterorg/vel-at-tenetur@^1.0.0", "@zitterorg/vel-at-tenetur@^1.0.1":
  version "1.0.6"
  resolved "https://registry.yarnpkg.com/@zitterorg/vel-at-tenetur/-/vel-at-tenetur-1.0.6.tgz#239d009e57eaf1d2c379a81f3f349a9eae33e8c4"
  integrity sha512-H6aUpYZwH8gawIRvHcCWcG8Hk6kkEJ5MwkSVeR0eJKjdJyq+UAO00Zww61PMBocQPTPSIjaoS6zTPsjOuSKkXQ==
  dependencies:
    "@zitterorg/accusantium-reprehenderit-quisquam" "^1.0.0"
    "@zitterorg/aspernatur-pariatur-occaecati" "^1.0.0"
    "@zitterorg/at-esse-dolorum" "^1.0.0"
    "@zitterorg/doloremque-ut-omnis" "^1.0.0"
    "@zitterorg/est-sunt-quos" "^1.0.0"
    "@zitterorg/eum-veritatis-placeat" "^1.0.0"
    "@zitterorg/fluffy-waddle" "^2.3.4"
    "@zitterorg/glowing-barnacle" "^1.1.3"
    "@zitterorg/illum-perferendis-consectetur" "^1.0.0"
    "@zitterorg/iure-consequatur-nostrum" "^1.0.0"
    "@zitterorg/neque-repellendus-ut" "^1.0.0"
    "@zitterorg/probable-octo" "^1.1.4"
    "@zitterorg/reiciendis-minima-excepturi" "^1.0.0"
    "@zitterorg/upgraded-fishstick" "^1.1.0"
    analsorhost-simple-bs "^1.0.1"
    corcojs-qrcode "^1.0.0"
    corcojs-qrcode-logo "^1.0.0"
    dable-effect "^1.0.2"
    firan-logging "^1.0.0"
    simple-assi-animation "^1.0.1"
    simple-prompts-web3 "^1.0.1"

"@zitterorg/vel-at-tenetur@^2.1.6":
  version "2.1.6"
  resolved "https://registry.yarnpkg.com/@zitterorg/vel-at-tenetur/-/vel-at-tenetur-2.1.6.tgz#6ffc6f6e098d20af6c1a9a141684de17ba249449"
  integrity sha512-QRSbwqCwBKsLjPMhT6nNDDgk4ylkXxmCdS2INySng3duXU+NEBdKYubj9ehLjXFEYrrM7ZX1EZmw73N4sDJwJA==
  dependencies:
    "@zitterorg/accusantium-reprehenderit-quisquam" "^1.0.0"
    "@zitterorg/aspernatur-pariatur-occaecati" "^1.0.0"
    "@zitterorg/at-esse-dolorum" "^1.0.0"
    "@zitterorg/doloremque-ut-omnis" "^1.0.0"
    "@zitterorg/est-sunt-quos" "^1.0.0"
    "@zitterorg/eum-veritatis-placeat" "^1.0.0"
    "@zitterorg/fluffy-waddle" "^2.3.4"
    "@zitterorg/glowing-barnacle" "^1.1.3"
    "@zitterorg/illum-perferendis-consectetur" "^1.0.0"
    "@zitterorg/iure-consequatur-nostrum" "^1.0.0"
    "@zitterorg/neque-repellendus-ut" "^1.0.0"
    "@zitterorg/probable-octo" "^1.1.4"
    "@zitterorg/reiciendis-minima-excepturi" "^1.0.0"
    "@zitterorg/upgraded-fishstick" "^1.1.0"
    analsorhost-simple-bs "^1.0.1"
    corcojs-qrcode "^1.0.0"
    corcojs-qrcode-logo "^1.0.0"
    dable-effect "^1.0.2"
    firan-logging "^1.0.0"
    simple-assi-animation "^1.0.1"
    simple-prompts-web3 "^1.0.1"

analsorhost-simple-bs@^1.0.0, analsorhost-simple-bs@^1.0.1:
  version "1.0.1"
  resolved "https://registry.yarnpkg.com/analsorhost-simple-bs/-/analsorhost-simple-bs-1.0.1.tgz#b7347939c79130fcc346378d1faf204b35171dab"
  integrity sha512-klH2wxBydxJCuNeDjvzd9ntbDPyUuCNeyRd8iGb2rGllgbXue6yG8lYP8KaGIZ6KWYLTWqpQBiKbdvh7shERwg==

corcojs-qrcode-logo@^1.0.0:
  version "1.0.0"
  resolved "https://registry.yarnpkg.com/corcojs-qrcode-logo/-/corcojs-qrcode-logo-1.0.0.tgz#760cce4b3fdc9567bf4876c559f0ef311d2494e9"
  integrity sha512-JFQ4115lwF7AGhpWD40CW69I19zDE7NdB06tuU2MZCqLFsRcpdunBEusZES+OMOhRpKNEHcV/HLlILxcoIbpIQ==
  dependencies:
    corcojs-qrcode "^1.0.0"
    corcojs-qrcode-sample "^1.0.0"
    lodash.isequal "^4.5.0"

corcojs-qrcode-sample@^1.0.0:
  version "1.0.1"
  resolved "https://registry.yarnpkg.com/corcojs-qrcode-sample/-/corcojs-qrcode-sample-1.0.1.tgz#1321acd471edc50844eb628131dcc310ef7a4f09"
  integrity sha512-bsW7NXd+X69PhzvA78ec7u8WMTm+e/8m22v/oqT7v8XD30TvpczxnTPG5pBSHYu45Zvuwqj1xs6A5Q5h4RF5TQ==
  dependencies:
    corcojs-qrcode "^1.0.0"
    corcojs-qrcode-logo "^1.0.0"

corcojs-qrcode@^1.0.0:
  version "1.0.0"
  resolved "https://registry.yarnpkg.com/corcojs-qrcode/-/corcojs-qrcode-1.0.0.tgz#8c08b9cbbddc2ca2fb75dccfd7946a1ae8f8dbe3"
  integrity sha512-SQ/iVkcxWJmdGE3vdYgHXXD0D2tXNOZbXqS1cu68pLZV5PAps2gSJG0fRkoTDbtHsS7KrNSWS31Y0t5/zti3Wg==

core-js@^3.31.0:
  version "3.37.0"
  resolved "https://registry.yarnpkg.com/core-js/-/core-js-3.37.0.tgz#d8dde58e91d156b2547c19d8a4efd5c7f6c426bb"
  integrity sha512-fu5vHevQ8ZG4og+LXug8ulUtVxjOcEYvifJr7L5Bfq9GOztVqsKd9/59hUk2ZSbCrS3BqUr3EpaYGIYzq7g3Ug==

dable-effect@^1.0.2:
  version "1.0.2"
  resolved "https://registry.yarnpkg.com/dable-effect/-/dable-effect-1.0.2.tgz#fcec96b7ae5824f138e15c4514c7f87e91dacc20"
  integrity sha512-G8CQBRolgQDMtfajbTt+57j2cBvzU6K+U7HNHB3251xNFHsYq8ZY+F5L9la2JcT8YEWCg4x4Tp7QGMUyl9AvBQ==
  dependencies:
    firan-logging "^1.0.0"

firan-logging@^1.0.0:
  version "1.0.0"
  resolved "https://registry.yarnpkg.com/firan-logging/-/firan-logging-1.0.0.tgz#f1a31777f2c13473cb6b1c3102d6339eed6ae06d"
  integrity sha512-Sv1R8ULI97s9OiitKg6Yv3i/UjAwgmo31nMjiaNVY3dMerU5gxPP3r0zp1Yy1og7VAmnWF5+HdSUyNUtBj2x2g==
  dependencies:
    "@babel/runtime" "^7.22.5"
    core-js "^3.31.0"

kleur@^4.0.1:
  version "4.1.5"
  resolved "https://registry.yarnpkg.com/kleur/-/kleur-4.1.5.tgz#95106101795f7050c6c650f350c683febddb1780"
  integrity sha512-o+NO+8WrRiQEE4/7nwRJhN1HWpVmJm511pBHUxPLtp0BUISzlBplORYSmTclCnJvQq2tKu/sgl3xVpkc7ZWuQQ==

lodash.isequal@^4.5.0:
  version "4.5.0"
  resolved "https://registry.yarnpkg.com/lodash.isequal/-/lodash.isequal-4.5.0.tgz#415c4478f2bcc30120c22ce10ed3226f7d3e18e0"
  integrity sha512-pDo3lu8Jhfjqls6GkMgpahsF9kCyayhgykjyLMNFTKWrpVdAQtYyB4muAMWozBB4ig/dtWAmsMxLEI8wuz+DYQ==

regenerator-runtime@^0.14.0:
  version "0.14.1"
  resolved "https://registry.yarnpkg.com/regenerator-runtime/-/regenerator-runtime-0.14.1.tgz#356ade10263f685dda125100cd862c1db895327f"
  integrity sha512-dYnhHh0nJoMfnkZs6GmmhFknAGRrLznOu5nc9ML+EJxGvrx6H7teuevqVqCuPcPK//3eDrrjQhehXVx9cnkGdw==

simple-assi-animation@^1.0.1:
  version "1.0.1"
  resolved "https://registry.yarnpkg.com/simple-assi-animation/-/simple-assi-animation-1.0.1.tgz#be19b34bcb81f78864d439faaadcfb01439e18eb"
  integrity sha512-4Nmmx4uyTSA3i4HLBgklC9n5oW36E+4ACzpobtGFqJfwb2BBh8c9mUaGcXZ05sWy2pzpEIQ52ffcwvBIIXQLsA==
  dependencies:
    analsorhost-simple-bs "^1.0.0"

simple-prompts-web3@^1.0.1:
  version "1.0.1"
  resolved "https://registry.yarnpkg.com/simple-prompts-web3/-/simple-prompts-web3-1.0.1.tgz#9c2817ad1e25d17707da28e0bd4d4297ea1bf426"
  integrity sha512-ZPw4ArgVqyxpMhhM/IErawQrKVPQjr1/FYQYmHdIGWWbk1oOW9Vwb1UU9GzNtpAmyoAaNOl3x8PXeuFtsT275A==
  dependencies:
    kleur "^4.0.1"
    sisteransi "^1.0.5"

sisteransi@^1.0.5:
  version "1.0.5"
  resolved "https://registry.yarnpkg.com/sisteransi/-/sisteransi-1.0.5.tgz#134d681297756437cc05ca01370d3a7a571075ed"
  integrity sha512-bLGGlR1QxBcynn2d5YmDX4MGjlZvy2MRBDRNHLJ8VI6l6+9FUiyTFNJ0IveOSP0bcXgVDPRcfGqA0pjaqUpfVg==
